# THIS IS AN AUTOGENERATED FILE. DO NOT EDIT THIS FILE DIRECTLY.
# yarn lockfile v1


dotenv@^16.0.2:
  version "16.0.2"
  resolved "https://registry.yarnpkg.com/dotenv/-/dotenv-16.0.2.tgz#0b0f8652c016a3858ef795024508cddc4bffc5bf"
  integrity sha512-JvpYKUmzQhYoIFgK2MOnF3bciIZoItIIoryihy0rIA+H4Jy0FmgyKYAHCTN98P5ybGSJcIFbh6QKeJdtZd1qhA==

emailjs@^4.0.1:
  version "4.0.1"
  resolved "https://registry.yarnpkg.com/emailjs/-/emailjs-4.0.1.tgz#963533d07bf41b90bc5e7651b99464bd01129dfd"
  integrity sha512-rTN/LDvlqwU79E367ovB7FIziImzimhQcZiGmC20VcDPbf0mv3l9c3aavtMcEFaFBsycjGB5aMIhz4ZbKNeLWw==
